
Microsoft Visual Studio Solution File, Format Version 12.00
# Visual Studio Version 16
VisualStudioVersion = 16.0.30907.101
MinimumVisualStudioVersion = 10.0.40219.1
Project("{FAE04EC0-301F-11D3-BF4B-00C04F79EFBC}") = "Lab_10 1", "Lab_10 1.csproj", "{322D89A5-A678-4669-B2AB-B18856CF1A39}"
EndProject
Global
	GlobalSection(SolutionConfigurationPlatforms) = preSolution
		Debug|Any CPU = Debug|Any CPU
		Release|Any CPU = Release|Any CPU
	EndGlobalSection
	GlobalSection(ProjectConfigurationPlatforms) = postSolution
		{322D89A5-A678-4669-B2AB-B18856CF1A39}.Debug|Any CPU.ActiveCfg = Debug|Any CPU
		{322D89A5-A678-4669-B2AB-B18856CF1A39}.Debug|Any CPU.Build.0 = Debug|Any CPU
		{322D89A5-A678-4669-B2AB-B18856CF1A39}.Release|Any CPU.ActiveCfg = Release|Any CPU
		{322D89A5-A678-4669-B2AB-B18856CF1A39}.Release|Any CPU.Build.0 = Release|Any CPU
	EndGlobalSection
	GlobalSection(SolutionProperties) = preSolution
		HideSolutionNode = FALSE
	EndGlobalSection
	GlobalSection(ExtensibilityGlobals) = postSolution
		SolutionGuid = {78781EA0-BCC0-4986-93A4-F5F5CA370DCF}
	EndGlobalSection
EndGlobal
