
Microsoft Visual Studio Solution File, Format Version 12.00
# Visual Studio Version 16
VisualStudioVersion = 16.0.30907.101
MinimumVisualStudioVersion = 10.0.40219.1
Project("{FAE04EC0-301F-11D3-BF4B-00C04F79EFBC}") = "WindowsForms_3 2", "WindowsForms_3 2.csproj", "{163D53FB-6E6C-42BA-B035-63956149A18C}"
EndProject
Global
	GlobalSection(SolutionConfigurationPlatforms) = preSolution
		Debug|Any CPU = Debug|Any CPU
		Release|Any CPU = Release|Any CPU
	EndGlobalSection
	GlobalSection(ProjectConfigurationPlatforms) = postSolution
		{163D53FB-6E6C-42BA-B035-63956149A18C}.Debug|Any CPU.ActiveCfg = Debug|Any CPU
		{163D53FB-6E6C-42BA-B035-63956149A18C}.Debug|Any CPU.Build.0 = Debug|Any CPU
		{163D53FB-6E6C-42BA-B035-63956149A18C}.Release|Any CPU.ActiveCfg = Release|Any CPU
		{163D53FB-6E6C-42BA-B035-63956149A18C}.Release|Any CPU.Build.0 = Release|Any CPU
	EndGlobalSection
	GlobalSection(SolutionProperties) = preSolution
		HideSolutionNode = FALSE
	EndGlobalSection
	GlobalSection(ExtensibilityGlobals) = postSolution
		SolutionGuid = {D65B0334-2A98-4F34-81B3-A17F7B74269A}
	EndGlobalSection
EndGlobal
