
Microsoft Visual Studio Solution File, Format Version 12.00
# Visual Studio Version 16
VisualStudioVersion = 16.0.30907.101
MinimumVisualStudioVersion = 10.0.40219.1
Project("{FAE04EC0-301F-11D3-BF4B-00C04F79EFBC}") = "Lab_3 1", "Lab_3 1.csproj", "{CDC0D34B-F5FF-4617-814B-BF6DB416CEC5}"
EndProject
Global
	GlobalSection(SolutionConfigurationPlatforms) = preSolution
		Debug|Any CPU = Debug|Any CPU
		Release|Any CPU = Release|Any CPU
	EndGlobalSection
	GlobalSection(ProjectConfigurationPlatforms) = postSolution
		{CDC0D34B-F5FF-4617-814B-BF6DB416CEC5}.Debug|Any CPU.ActiveCfg = Debug|Any CPU
		{CDC0D34B-F5FF-4617-814B-BF6DB416CEC5}.Debug|Any CPU.Build.0 = Debug|Any CPU
		{CDC0D34B-F5FF-4617-814B-BF6DB416CEC5}.Release|Any CPU.ActiveCfg = Release|Any CPU
		{CDC0D34B-F5FF-4617-814B-BF6DB416CEC5}.Release|Any CPU.Build.0 = Release|Any CPU
	EndGlobalSection
	GlobalSection(SolutionProperties) = preSolution
		HideSolutionNode = FALSE
	EndGlobalSection
	GlobalSection(ExtensibilityGlobals) = postSolution
		SolutionGuid = {96C61E84-7D0E-443F-A388-139607AED828}
	EndGlobalSection
EndGlobal
