
Microsoft Visual Studio Solution File, Format Version 12.00
# Visual Studio Version 16
VisualStudioVersion = 16.0.30907.101
MinimumVisualStudioVersion = 10.0.40219.1
Project("{FAE04EC0-301F-11D3-BF4B-00C04F79EFBC}") = "Lab_5 1", "Lab_5 1.csproj", "{F37C6BBC-BD3F-463E-9621-195DCCB26BBE}"
EndProject
Global
	GlobalSection(SolutionConfigurationPlatforms) = preSolution
		Debug|Any CPU = Debug|Any CPU
		Release|Any CPU = Release|Any CPU
	EndGlobalSection
	GlobalSection(ProjectConfigurationPlatforms) = postSolution
		{F37C6BBC-BD3F-463E-9621-195DCCB26BBE}.Debug|Any CPU.ActiveCfg = Debug|Any CPU
		{F37C6BBC-BD3F-463E-9621-195DCCB26BBE}.Debug|Any CPU.Build.0 = Debug|Any CPU
		{F37C6BBC-BD3F-463E-9621-195DCCB26BBE}.Release|Any CPU.ActiveCfg = Release|Any CPU
		{F37C6BBC-BD3F-463E-9621-195DCCB26BBE}.Release|Any CPU.Build.0 = Release|Any CPU
	EndGlobalSection
	GlobalSection(SolutionProperties) = preSolution
		HideSolutionNode = FALSE
	EndGlobalSection
	GlobalSection(ExtensibilityGlobals) = postSolution
		SolutionGuid = {979CE547-41D2-4E45-86C3-BD0C6A7AA48C}
	EndGlobalSection
EndGlobal
