
Microsoft Visual Studio Solution File, Format Version 12.00
# Visual Studio Version 16
VisualStudioVersion = 16.0.30907.101
MinimumVisualStudioVersion = 10.0.40219.1
Project("{FAE04EC0-301F-11D3-BF4B-00C04F79EFBC}") = "Lab_2 4", "Lab_2 4.csproj", "{053BEDCE-BC75-4785-8AC9-A40A3F2B480D}"
EndProject
Global
	GlobalSection(SolutionConfigurationPlatforms) = preSolution
		Debug|Any CPU = Debug|Any CPU
		Release|Any CPU = Release|Any CPU
	EndGlobalSection
	GlobalSection(ProjectConfigurationPlatforms) = postSolution
		{053BEDCE-BC75-4785-8AC9-A40A3F2B480D}.Debug|Any CPU.ActiveCfg = Debug|Any CPU
		{053BEDCE-BC75-4785-8AC9-A40A3F2B480D}.Debug|Any CPU.Build.0 = Debug|Any CPU
		{053BEDCE-BC75-4785-8AC9-A40A3F2B480D}.Release|Any CPU.ActiveCfg = Release|Any CPU
		{053BEDCE-BC75-4785-8AC9-A40A3F2B480D}.Release|Any CPU.Build.0 = Release|Any CPU
	EndGlobalSection
	GlobalSection(SolutionProperties) = preSolution
		HideSolutionNode = FALSE
	EndGlobalSection
	GlobalSection(ExtensibilityGlobals) = postSolution
		SolutionGuid = {AC36D1FD-7B22-4564-B339-FB9C9D63DF72}
	EndGlobalSection
EndGlobal
