
Microsoft Visual Studio Solution File, Format Version 12.00
# Visual Studio Version 16
VisualStudioVersion = 16.0.30907.101
MinimumVisualStudioVersion = 10.0.40219.1
Project("{FAE04EC0-301F-11D3-BF4B-00C04F79EFBC}") = "Lab_2 3", "Lab_2 3.csproj", "{A7B155BB-CD75-4798-851E-ACBDFA7653CC}"
EndProject
Global
	GlobalSection(SolutionConfigurationPlatforms) = preSolution
		Debug|Any CPU = Debug|Any CPU
		Release|Any CPU = Release|Any CPU
	EndGlobalSection
	GlobalSection(ProjectConfigurationPlatforms) = postSolution
		{A7B155BB-CD75-4798-851E-ACBDFA7653CC}.Debug|Any CPU.ActiveCfg = Debug|Any CPU
		{A7B155BB-CD75-4798-851E-ACBDFA7653CC}.Debug|Any CPU.Build.0 = Debug|Any CPU
		{A7B155BB-CD75-4798-851E-ACBDFA7653CC}.Release|Any CPU.ActiveCfg = Release|Any CPU
		{A7B155BB-CD75-4798-851E-ACBDFA7653CC}.Release|Any CPU.Build.0 = Release|Any CPU
	EndGlobalSection
	GlobalSection(SolutionProperties) = preSolution
		HideSolutionNode = FALSE
	EndGlobalSection
	GlobalSection(ExtensibilityGlobals) = postSolution
		SolutionGuid = {6E15E67A-5371-43C4-A15A-2CAC70A0DA14}
	EndGlobalSection
EndGlobal
